
Microsoft Visual Studio Solution File, Format Version 12.00
# Visual Studio Version 17
VisualStudioVersion = 17.8.34330.188
MinimumVisualStudioVersion = 10.0.40219.1
Project("{9A19103F-16F7-4668-BE54-9A1E7A4F7556}") = "Repository", "Lab1\Repository\Repository.csproj", "{1D30CDAF-471B-4A01-A53B-A9A2217E8EDB}"
EndProject
Project("{9A19103F-16F7-4668-BE54-9A1E7A4F7556}") = "Service", "Lab1\Service\Service.csproj", "{C62DF25F-82D8-464F-A8CF-46DDD2AF6C63}"
EndProject
Project("{9A19103F-16F7-4668-BE54-9A1E7A4F7556}") = "WebApp", "Lab1\WebApp\WebApp.csproj", "{5401E1FB-6318-4E02-8E35-51932902B1A6}"
EndProject
Project("{2150E333-8FDC-42A3-9474-1A3956D46DE8}") = "Lab1", "Lab1", "{4E573944-CBF8-4F19-9726-26345D7DC3D6}"
EndProject
Project("{2150E333-8FDC-42A3-9474-1A3956D46DE8}") = "Pt1", "Pt1", "{8CF4F918-90FA-42B1-8754-6F19431B046F}"
EndProject
Project("{9A19103F-16F7-4668-BE54-9A1E7A4F7556}") = "RepositoryAPI", "Pt1\RepositoryAPI\RepositoryAPI.csproj", "{76D4FF32-D689-4FF4-9934-A1B6EE054AC9}"
EndProject
Project("{9A19103F-16F7-4668-BE54-9A1E7A4F7556}") = "ServiceAPI", "Pt1\ServiceAPI\ServiceAPI.csproj", "{1E7D403B-9F52-4696-B68F-E6B220D25D62}"
EndProject
Project("{9A19103F-16F7-4668-BE54-9A1E7A4F7556}") = "WebAppAPI", "Pt1\WebAppAPI\WebAppAPI.csproj", "{04E90714-63C7-44F6-B21B-9953E18A167B}"
EndProject
Project("{2150E333-8FDC-42A3-9474-1A3956D46DE8}") = "Pt2", "Pt2", "{16C51EE5-2470-4959-8F49-9AD42116A483}"
EndProject
Project("{9A19103F-16F7-4668-BE54-9A1E7A4F7556}") = "WebAppAPI", "Pt2\WebAppAPI\WebAppAPI.csproj", "{C4CFF6D7-89B7-4CBF-BBC1-D5457E84B47D}"
EndProject
Project("{9A19103F-16F7-4668-BE54-9A1E7A4F7556}") = "WebAppBook", "Pt2\WebAppBook\WebAppBook.csproj", "{5FD1BFCB-DABA-4EC9-A596-B15AE3B89F2A}"
EndProject
Project("{2150E333-8FDC-42A3-9474-1A3956D46DE8}") = "Assignment3", "Assignment3", "{173D1BC0-30C7-4C8B-A664-459029D71968}"
EndProject
Project("{FAE04EC0-301F-11D3-BF4B-00C04F79EFBC}") = "API_User", "API_User\API_User.csproj", "{18CE1A75-8A21-454B-AC4F-711FE440E470}"
EndProject
Global
	GlobalSection(SolutionConfigurationPlatforms) = preSolution
		Debug|Any CPU = Debug|Any CPU
		Release|Any CPU = Release|Any CPU
	EndGlobalSection
	GlobalSection(ProjectConfigurationPlatforms) = postSolution
		{1D30CDAF-471B-4A01-A53B-A9A2217E8EDB}.Debug|Any CPU.ActiveCfg = Debug|Any CPU
		{1D30CDAF-471B-4A01-A53B-A9A2217E8EDB}.Debug|Any CPU.Build.0 = Debug|Any CPU
		{1D30CDAF-471B-4A01-A53B-A9A2217E8EDB}.Release|Any CPU.ActiveCfg = Release|Any CPU
		{1D30CDAF-471B-4A01-A53B-A9A2217E8EDB}.Release|Any CPU.Build.0 = Release|Any CPU
		{C62DF25F-82D8-464F-A8CF-46DDD2AF6C63}.Debug|Any CPU.ActiveCfg = Debug|Any CPU
		{C62DF25F-82D8-464F-A8CF-46DDD2AF6C63}.Debug|Any CPU.Build.0 = Debug|Any CPU
		{C62DF25F-82D8-464F-A8CF-46DDD2AF6C63}.Release|Any CPU.ActiveCfg = Release|Any CPU
		{C62DF25F-82D8-464F-A8CF-46DDD2AF6C63}.Release|Any CPU.Build.0 = Release|Any CPU
		{5401E1FB-6318-4E02-8E35-51932902B1A6}.Debug|Any CPU.ActiveCfg = Debug|Any CPU
		{5401E1FB-6318-4E02-8E35-51932902B1A6}.Debug|Any CPU.Build.0 = Debug|Any CPU
		{5401E1FB-6318-4E02-8E35-51932902B1A6}.Release|Any CPU.ActiveCfg = Release|Any CPU
		{5401E1FB-6318-4E02-8E35-51932902B1A6}.Release|Any CPU.Build.0 = Release|Any CPU
		{76D4FF32-D689-4FF4-9934-A1B6EE054AC9}.Debug|Any CPU.ActiveCfg = Debug|Any CPU
		{76D4FF32-D689-4FF4-9934-A1B6EE054AC9}.Debug|Any CPU.Build.0 = Debug|Any CPU
		{76D4FF32-D689-4FF4-9934-A1B6EE054AC9}.Release|Any CPU.ActiveCfg = Release|Any CPU
		{76D4FF32-D689-4FF4-9934-A1B6EE054AC9}.Release|Any CPU.Build.0 = Release|Any CPU
		{1E7D403B-9F52-4696-B68F-E6B220D25D62}.Debug|Any CPU.ActiveCfg = Debug|Any CPU
		{1E7D403B-9F52-4696-B68F-E6B220D25D62}.Debug|Any CPU.Build.0 = Debug|Any CPU
		{1E7D403B-9F52-4696-B68F-E6B220D25D62}.Release|Any CPU.ActiveCfg = Release|Any CPU
		{1E7D403B-9F52-4696-B68F-E6B220D25D62}.Release|Any CPU.Build.0 = Release|Any CPU
		{04E90714-63C7-44F6-B21B-9953E18A167B}.Debug|Any CPU.ActiveCfg = Debug|Any CPU
		{04E90714-63C7-44F6-B21B-9953E18A167B}.Debug|Any CPU.Build.0 = Debug|Any CPU
		{04E90714-63C7-44F6-B21B-9953E18A167B}.Release|Any CPU.ActiveCfg = Release|Any CPU
		{04E90714-63C7-44F6-B21B-9953E18A167B}.Release|Any CPU.Build.0 = Release|Any CPU
		{C4CFF6D7-89B7-4CBF-BBC1-D5457E84B47D}.Debug|Any CPU.ActiveCfg = Debug|Any CPU
		{C4CFF6D7-89B7-4CBF-BBC1-D5457E84B47D}.Debug|Any CPU.Build.0 = Debug|Any CPU
		{C4CFF6D7-89B7-4CBF-BBC1-D5457E84B47D}.Release|Any CPU.ActiveCfg = Release|Any CPU
		{C4CFF6D7-89B7-4CBF-BBC1-D5457E84B47D}.Release|Any CPU.Build.0 = Release|Any CPU
		{5FD1BFCB-DABA-4EC9-A596-B15AE3B89F2A}.Debug|Any CPU.ActiveCfg = Debug|Any CPU
		{5FD1BFCB-DABA-4EC9-A596-B15AE3B89F2A}.Debug|Any CPU.Build.0 = Debug|Any CPU
		{5FD1BFCB-DABA-4EC9-A596-B15AE3B89F2A}.Release|Any CPU.ActiveCfg = Release|Any CPU
		{5FD1BFCB-DABA-4EC9-A596-B15AE3B89F2A}.Release|Any CPU.Build.0 = Release|Any CPU
		{18CE1A75-8A21-454B-AC4F-711FE440E470}.Debug|Any CPU.ActiveCfg = Debug|Any CPU
		{18CE1A75-8A21-454B-AC4F-711FE440E470}.Debug|Any CPU.Build.0 = Debug|Any CPU
		{18CE1A75-8A21-454B-AC4F-711FE440E470}.Release|Any CPU.ActiveCfg = Release|Any CPU
		{18CE1A75-8A21-454B-AC4F-711FE440E470}.Release|Any CPU.Build.0 = Release|Any CPU
	EndGlobalSection
	GlobalSection(SolutionProperties) = preSolution
		HideSolutionNode = FALSE
	EndGlobalSection
	GlobalSection(NestedProjects) = preSolution
		{1D30CDAF-471B-4A01-A53B-A9A2217E8EDB} = {4E573944-CBF8-4F19-9726-26345D7DC3D6}
		{C62DF25F-82D8-464F-A8CF-46DDD2AF6C63} = {4E573944-CBF8-4F19-9726-26345D7DC3D6}
		{5401E1FB-6318-4E02-8E35-51932902B1A6} = {4E573944-CBF8-4F19-9726-26345D7DC3D6}
		{76D4FF32-D689-4FF4-9934-A1B6EE054AC9} = {8CF4F918-90FA-42B1-8754-6F19431B046F}
		{1E7D403B-9F52-4696-B68F-E6B220D25D62} = {8CF4F918-90FA-42B1-8754-6F19431B046F}
		{04E90714-63C7-44F6-B21B-9953E18A167B} = {8CF4F918-90FA-42B1-8754-6F19431B046F}
		{C4CFF6D7-89B7-4CBF-BBC1-D5457E84B47D} = {16C51EE5-2470-4959-8F49-9AD42116A483}
		{5FD1BFCB-DABA-4EC9-A596-B15AE3B89F2A} = {16C51EE5-2470-4959-8F49-9AD42116A483}
		{18CE1A75-8A21-454B-AC4F-711FE440E470} = {173D1BC0-30C7-4C8B-A664-459029D71968}
	EndGlobalSection
	GlobalSection(ExtensibilityGlobals) = postSolution
		SolutionGuid = {933717DE-1C16-488B-BAA6-7079E1A845A3}
	EndGlobalSection
EndGlobal
